{
  "nodes": {
    "flake-utils": {
      "inputs": {
        "systems": "systems"
      },
      "locked": {
        "lastModified": 1694529238,
        "narHash": "sha256-zsNZZGTGnMOf9YpHKJqMSsa0dXbfmxeoJ7xHlrt+xmY=",
        "owner": "numtide",
        "repo": "flake-utils",
        "rev": "ff7b65b44d01cf9ba6a71320833626af21126384",
        "type": "github"
      },
      "original": {
        "owner": "numtide",
        "repo": "flake-utils",
        "type": "github"
      }
    },
    "libmpv-windows": {
      "flake": false,
      "locked": {
        "narHash": "sha256-xOI+ILDFVqpwbXUn8LqSNCWz4PXEOniUtVP3Lg65DnE=",
        "type": "file",
        "url": "https://sourceforge.net/projects/mpv-player-windows/files/libmpv/mpv-dev-x86_64-20211128-git-f08db00.7z/download"
      },
      "original": {
        "type": "file",
        "url": "https://sourceforge.net/projects/mpv-player-windows/files/libmpv/mpv-dev-x86_64-20211128-git-f08db00.7z/download"
      }
    },
    "nixpkgs": {
      "locked": {
        "lastModified": 1720386169,
        "narHash": "sha256-NGKVY4PjzwAa4upkGtAMz1npHGoRzWotlSnVlqI40mo=",
        "owner": "nixos",
        "repo": "nixpkgs",
        "rev": "194846768975b7ad2c4988bdb82572c00222c0d7",
        "type": "github"
      },
      "original": {
        "owner": "nixos",
        "ref": "nixos-24.05",
        "repo": "nixpkgs",
        "type": "github"
      }
    },
    "nixpkgs-unstable": {
      "locked": {
        "lastModified": 1722813957,
        "narHash": "sha256-IAoYyYnED7P8zrBFMnmp7ydaJfwTnwcnqxUElC1I26Y=",
        "owner": "nixos",
        "repo": "nixpkgs",
        "rev": "cb9a96f23c491c081b38eab96d22fa958043c9fa",
        "type": "github"
      },
      "original": {
        "owner": "nixos",
        "ref": "nixos-unstable",
        "repo": "nixpkgs",
        "type": "github"
      }
    },
    "root": {
      "inputs": {
        "flake-utils": "flake-utils",
        "libmpv-windows": "libmpv-windows",
        "nixpkgs": "nixpkgs",
        "nixpkgs-unstable": "nixpkgs-unstable",
        "rust-overlay": "rust-overlay",
        "webui-git": "webui-git"
      }
    },
    "rust-overlay": {
      "inputs": {
        "nixpkgs": [
          "nixpkgs"
        ]
      },
      "locked": {
        "lastModified": 1720232258,
        "narHash": "sha256-eR5glZHS2bLpzUgTDhWGm04j+j5KMYKoDsY5DXAiuKQ=",
        "owner": "oxalica",
        "repo": "rust-overlay",
        "rev": "05ccbe21233d4e9110fc6428d2c3d74b430c3c69",
        "type": "github"
      },
      "original": {
        "owner": "oxalica",
        "repo": "rust-overlay",
        "type": "github"
      }
    },
    "systems": {
      "locked": {
        "lastModified": 1681028828,
        "narHash": "sha256-Vy1rq5AaRuLzOxct8nz4T6wlgyUR7zLU309k9mBC768=",
        "owner": "nix-systems",
        "repo": "default",
        "rev": "da67096a3b9bf56a91d16901293e51ba5b49a27e",
        "type": "github"
      },
      "original": {
        "owner": "nix-systems",
        "repo": "default",
        "type": "github"
      }
    },
    "webui-git": {
      "flake": false,
      "locked": {
        "lastModified": 1719103892,
        "narHash": "sha256-LkbQbAnRb9wyAUe8jYK9fJ+tySlardxEffITF1qkeS8=",
        "owner": "webui-dev",
        "repo": "webui",
        "rev": "f40d35a60b979c676b67aa9d74f1afe3ab3dbc98",
        "type": "github"
      },
      "original": {
        "owner": "webui-dev",
        "ref": "2.5.0-beta.1",
        "repo": "webui",
        "type": "github"
      }
    }
  },
  "root": "root",
  "version": 7
}
